
Microsoft Visual Studio Solution File, Format Version 12.00
# Visual Studio 14
VisualStudioVersion = 14.0.25123.0
MinimumVisualStudioVersion = 10.0.40219.1
Project("{FAE04EC0-301F-11D3-BF4B-00C04F79EFBC}") = "MathExpressionSolver", "MathExpressionSolver\MathExpressionSolver.csproj", "{BB3DC4D5-6B85-40F7-9176-8EDB9DC4D823}"
EndProject
Project("{F2A71F9B-5D33-465A-A702-920D77279786}") = "MES.Tests", "MathExpressionSolver.Tests\MES.Tests.fsproj", "{56AC3F9B-8826-47D0-B1DA-927D882B3EED}"
EndProject
Project("{FAE04EC0-301F-11D3-BF4B-00C04F79EFBC}") = "MES.Examples.ConsoleApp", "Examples\MES.Examples.ConsoleApp\MES.Examples.ConsoleApp.csproj", "{C1574172-198E-48DC-B096-C9AC90BB13E1}"
EndProject
Project("{2150E333-8FDC-42A3-9474-1A3956D46DE8}") = "Solution Items", "Solution Items", "{0DF5FBE3-83D2-4434-8331-F1328B249E7A}"
	ProjectSection(SolutionItems) = preProject
		..\.travis.yml = ..\.travis.yml
		..\appveyor.yml = ..\appveyor.yml
		..\README.md = ..\README.md
	EndProjectSection
EndProject
Project("{FAE04EC0-301F-11D3-BF4B-00C04F79EFBC}") = "MES.Examples.SocketServer", "Examples\MES.Examples.SocketServer\MES.Examples.SocketServer.csproj", "{8D78FEC6-79E8-43A6-8739-71FEBC51A450}"
EndProject
Project("{FAE04EC0-301F-11D3-BF4B-00C04F79EFBC}") = "MES.Examples.SocketClient", "Examples\MES.Examples.SocketClient\MES.Examples.SocketClient.csproj", "{EBFD0B6C-4665-48C3-8BF3-19C0752E406C}"
EndProject
Project("{2150E333-8FDC-42A3-9474-1A3956D46DE8}") = "docs", "docs", "{A6613A6A-6716-42DD-A06E-E5A96BB00B3C}"
EndProject
Project("{2150E333-8FDC-42A3-9474-1A3956D46DE8}") = "czech", "czech", "{1ED0570E-4F49-4FAB-8922-51224DF6CF2D}"
	ProjectSection(SolutionItems) = preProject
		..\docs\czech\mes_library-pd.md = ..\docs\czech\mes_library-pd.md
		..\docs\czech\mes_server-client_pd.md = ..\docs\czech\mes_server-client_pd.md
	EndProjectSection
EndProject
Global
	GlobalSection(SolutionConfigurationPlatforms) = preSolution
		Debug|Any CPU = Debug|Any CPU
		Release|Any CPU = Release|Any CPU
	EndGlobalSection
	GlobalSection(ProjectConfigurationPlatforms) = postSolution
		{BB3DC4D5-6B85-40F7-9176-8EDB9DC4D823}.Debug|Any CPU.ActiveCfg = Debug|Any CPU
		{BB3DC4D5-6B85-40F7-9176-8EDB9DC4D823}.Debug|Any CPU.Build.0 = Debug|Any CPU
		{BB3DC4D5-6B85-40F7-9176-8EDB9DC4D823}.Release|Any CPU.ActiveCfg = Release|Any CPU
		{BB3DC4D5-6B85-40F7-9176-8EDB9DC4D823}.Release|Any CPU.Build.0 = Release|Any CPU
		{56AC3F9B-8826-47D0-B1DA-927D882B3EED}.Debug|Any CPU.ActiveCfg = Debug|Any CPU
		{56AC3F9B-8826-47D0-B1DA-927D882B3EED}.Debug|Any CPU.Build.0 = Debug|Any CPU
		{56AC3F9B-8826-47D0-B1DA-927D882B3EED}.Release|Any CPU.ActiveCfg = Release|Any CPU
		{56AC3F9B-8826-47D0-B1DA-927D882B3EED}.Release|Any CPU.Build.0 = Release|Any CPU
		{C1574172-198E-48DC-B096-C9AC90BB13E1}.Debug|Any CPU.ActiveCfg = Debug|Any CPU
		{C1574172-198E-48DC-B096-C9AC90BB13E1}.Debug|Any CPU.Build.0 = Debug|Any CPU
		{C1574172-198E-48DC-B096-C9AC90BB13E1}.Release|Any CPU.ActiveCfg = Release|Any CPU
		{C1574172-198E-48DC-B096-C9AC90BB13E1}.Release|Any CPU.Build.0 = Release|Any CPU
		{8D78FEC6-79E8-43A6-8739-71FEBC51A450}.Debug|Any CPU.ActiveCfg = Debug|Any CPU
		{8D78FEC6-79E8-43A6-8739-71FEBC51A450}.Debug|Any CPU.Build.0 = Debug|Any CPU
		{8D78FEC6-79E8-43A6-8739-71FEBC51A450}.Release|Any CPU.ActiveCfg = Release|Any CPU
		{8D78FEC6-79E8-43A6-8739-71FEBC51A450}.Release|Any CPU.Build.0 = Release|Any CPU
		{EBFD0B6C-4665-48C3-8BF3-19C0752E406C}.Debug|Any CPU.ActiveCfg = Debug|Any CPU
		{EBFD0B6C-4665-48C3-8BF3-19C0752E406C}.Debug|Any CPU.Build.0 = Debug|Any CPU
		{EBFD0B6C-4665-48C3-8BF3-19C0752E406C}.Release|Any CPU.ActiveCfg = Release|Any CPU
		{EBFD0B6C-4665-48C3-8BF3-19C0752E406C}.Release|Any CPU.Build.0 = Release|Any CPU
	EndGlobalSection
	GlobalSection(SolutionProperties) = preSolution
		HideSolutionNode = FALSE
	EndGlobalSection
	GlobalSection(NestedProjects) = preSolution
		{1ED0570E-4F49-4FAB-8922-51224DF6CF2D} = {A6613A6A-6716-42DD-A06E-E5A96BB00B3C}
	EndGlobalSection
EndGlobal
